# This file is automatically @generated by Poetry 1.6.1 and should not be changed by hand.

[[package]]
name = "pyxb"
version = "1.2.6"
description = "Python XML Schema Bindings"
optional = false
python-versions = "*"
files = [
    {file = "PyXB-1.2.6.tar.gz", hash = "sha256:2a00f38dd1d87b88f92d79bc5a09718d730419b88e814545f472bbd5a3bf27b4"},
]

[metadata]
lock-version = "2.0"
python-versions = "^3.7"
content-hash = "9f332b4b6cdfe848254dee16031ea4a8a0f11b2756fdce5b67532b0ae3ed4498"
